
Microsoft Visual Studio Solution File, Format Version 12.00
# Visual Studio Version 17
VisualStudioVersion = 17.8.34511.84
MinimumVisualStudioVersion = 10.0.40219.1
Project("{FAE04EC0-301F-11D3-BF4B-00C04F79EFBC}") = "BookStore", "BookStore\BookStore.csproj", "{F9C49452-A560-4D5C-B3AE-E03F981B0C12}"
EndProject
Project("{FAE04EC0-301F-11D3-BF4B-00C04F79EFBC}") = "DataLayer", "DataLayer\DataLayer.csproj", "{FE633C0D-779E-40FD-9AD0-7CB171C08427}"
EndProject
Project("{FAE04EC0-301F-11D3-BF4B-00C04F79EFBC}") = "BusinessLogicLayer", "BusinessLogicLayer\BusinessLogicLayer.csproj", "{FD00605F-E1E1-4BBC-8537-4AE47CC49253}"
EndProject
Global
	GlobalSection(SolutionConfigurationPlatforms) = preSolution
		Debug|Any CPU = Debug|Any CPU
		Release|Any CPU = Release|Any CPU
	EndGlobalSection
	GlobalSection(ProjectConfigurationPlatforms) = postSolution
		{F9C49452-A560-4D5C-B3AE-E03F981B0C12}.Debug|Any CPU.ActiveCfg = Debug|Any CPU
		{F9C49452-A560-4D5C-B3AE-E03F981B0C12}.Debug|Any CPU.Build.0 = Debug|Any CPU
		{F9C49452-A560-4D5C-B3AE-E03F981B0C12}.Release|Any CPU.ActiveCfg = Release|Any CPU
		{F9C49452-A560-4D5C-B3AE-E03F981B0C12}.Release|Any CPU.Build.0 = Release|Any CPU
		{FE633C0D-779E-40FD-9AD0-7CB171C08427}.Debug|Any CPU.ActiveCfg = Debug|Any CPU
		{FE633C0D-779E-40FD-9AD0-7CB171C08427}.Debug|Any CPU.Build.0 = Debug|Any CPU
		{FE633C0D-779E-40FD-9AD0-7CB171C08427}.Release|Any CPU.ActiveCfg = Release|Any CPU
		{FE633C0D-779E-40FD-9AD0-7CB171C08427}.Release|Any CPU.Build.0 = Release|Any CPU
		{FD00605F-E1E1-4BBC-8537-4AE47CC49253}.Debug|Any CPU.ActiveCfg = Debug|Any CPU
		{FD00605F-E1E1-4BBC-8537-4AE47CC49253}.Debug|Any CPU.Build.0 = Debug|Any CPU
		{FD00605F-E1E1-4BBC-8537-4AE47CC49253}.Release|Any CPU.ActiveCfg = Release|Any CPU
		{FD00605F-E1E1-4BBC-8537-4AE47CC49253}.Release|Any CPU.Build.0 = Release|Any CPU
	EndGlobalSection
	GlobalSection(SolutionProperties) = preSolution
		HideSolutionNode = FALSE
	EndGlobalSection
	GlobalSection(ExtensibilityGlobals) = postSolution
		SolutionGuid = {02554EE4-56E9-4A42-A51F-2CF0604D58F2}
	EndGlobalSection
EndGlobal
